{
  "name": "netlify-url-redirector",
  "version": "1.0.0",
  "lockfileVersion": 3,
  "requires": true,
  "packages": {
    "": {
      "name": "netlify-url-redirector",
      "version": "1.0.0",
      "dependencies": {
        "firebase-admin": "^12.0.0",
        "nanoid": "^3.3.4"
      }
    },
    "node_modules/@fast-csv/parse": {
      "version": "4.3.6",
      "resolved": "https://registry.npmjs.org/@fast-csv/parse/-/parse-4.3.6.tgz",
      "integrity": "sha512-J/F63p3v3dM0U1p2j4/iBg263jo2s2s2kW2I4E28a/5/20vI24N2p12sT6i2a42v/a/7u23z2qYhA==",
      "engines": {
        "node": ">=10"
      }
    },
    "node_modules/@firebase/app-compat": {
      "version": "0.2.28",
      "resolved": "https://registry.npmjs.org/@firebase/app-compat/-/app-compat-0.2.28.tgz",
      "integrity": "sha512-42d2Y2C2aT652gpTM5k22s9i2p3lB9zaj4a28E8i3FNsT4y1hEVp2z2l4wgqgIfj88CRj3e098+jexvYjGqHqg==",
      "peer": true,
      "peerDependencies": {
        "@firebase/app": "0.x"
      }
    },
    "node_modules/@firebase/auth": {
      "version": "1.7.0",
      "resolved": "https://registry.npmjs.org/@firebase/auth/-/auth-1.7.0.tgz",
      "integrity": "sha512-u/53sY8k08hP3fvQ5Xw5sVb0AiD2+g3gCRf1g3t2ZSoeAlKz+YySgAsr7g/sB02bjpGZ8p+y8f4Kx3P7qA==",
      "peer": true,
      "dependencies": {
        "@firebase/app": "0.10.2",
        "@firebase/util": "1.9.3",
        "tslib": "^2.1.0"
      }
    },
    "node_modules/@firebase/auth-compat": {
      "version": "0.4.31",
      "resolved": "https://registry.npmjs.org/@firebase/auth-compat/-/auth-compat-0.4.31.tgz",
      "integrity": "sha512-1Gg4Sg5ZT9i8UB0s0EaL6yYvj7n4p3h2cjl/CR0aGidUe4ev3sY2gPL0NxqYm02/2yB7gVnLw3f1/2s3e4w==",
      "peer": true,
      "dependencies": {
        "@firebase/app-compat": "0.2.28",
        "@firebase/auth": "1.7.0",
        "@firebase/util": "1.9.3"
      }
    },
    "node_modules/@google-cloud/firestore": {
      "version": "7.8.0",
      "resolved": "https://registry.npmjs.org/@google-cloud/firestore/-/firestore-7.8.0.tgz",
      "integrity": "sha512-j/pZLAj2jjs4QxWzD+A4e5vO5wVdO9aYadwz3Fz3nNl8aZr29zd/3sB2c2+Q2FLi5n/k5e+s6mBfag==",
      "peer": true,
      "dependencies": {
        "@google-cloud/projectify": "^4.0.0",
        "@google-cloud/promisify": "^4.0.0",
        "arrify": "^2.0.0",
        "google-gax": "^4.0.3",
        "is": "^3.3.0",
        "protobufjs": "^7.0.0",
        "stream-events": "^1.0.4"
      },
      "engines": {
        "node": ">=14.0.0"
      }
    },
    "node_modules/@google-cloud/projectify": {
      "version": "4.0.0",
      "resolved": "https://registry.npmjs.org/@google-cloud/projectify/-/projectify-4.0.0.tgz",
      "integrity": "sha512-m4f4L22j295/k63x2LQbXtq7sE/OH/2G2z+gT/r/mZIOz/R02zwOY+aJp/j4eG55+foiT3Kx2p+L+bQ==",
      "peer": true,
      "engines": {
        "node": ">=14.0.0"
      }
    },
    "node_modules/@google-cloud/promisify": {
      "version": "4.0.0",
      "resolved": "https://registry.npmjs.org/@google-cloud/promisify/-/promisify-4.0.0.tgz",
      "integrity": "sha512-iHhD9Y2W2Ld0WQ+1ic22y2eE3e56Eonzj3v4zD5RL3S3l2v+kdoF+Y2mB2/b5JgKPVE1K5j2w1/tP+A==",
      "peer": true,
      "engines": {
        "node": ">=14.0.0"
      }
    },
    "node_modules/@grpc/grpc-js": {
      "version": "1.10.8",
      "resolved": "https://registry.npmjs.org/@grpc/grpc-js/-/grpc-js-1.10.8.tgz",
      "integrity": "sha512-Yf3pC1sB1g5AQyBRYgq5cDg2lpkUaV6124I0pRQULnODZFnf2c3hLSgkdQnS+2c2C4IdbT3aWsjD5id43m9g==",
      "peer": true,
      "dependencies": {
        "@js-sdsl/ordered-map": "^4.3.1",
        "@types/node": ">=14.x"
      },
      "engines": {
        "node": ">=14.0.0"
      }
    },
    "node_modules/@js-sdsl/ordered-map": {
      "version": "4.4.2",
      "resolved": "https://registry.npmjs.org/@js-sdsl/ordered-map/-/ordered-map-4.4.2.tgz",
      "integrity": "sha512-EBV6Xgo2eZkwU2Y45z+n2uA05r2aYJR4lCQtpKOX2n6GKlq35sYkE2A6eK2cr2/5Oa+aJ+dfy+x5fL3g==",
      "peer": true
    },
    "node_modules/@protobufjs/aspromise": {
      "version": "1.1.2",
      "resolved": "https://registry.npmjs.org/@protobufjs/aspromise/-/aspromise-1.1.2.tgz",
      "integrity": "sha512-j+gK22pR3SA83v2nAQfEC/GDwrH1s1jIe8z4IEd2WvHh2nRh3VotliVKqEXe2FvYn1emh/s64iS2i9s2aA==",
      "peer": true
    },
    "node_modules/@protobufjs/base64": {
      "version": "1.1.2",
      "resolved": "https://registry.npmjs.org/@protobufjs/base64/-/base64-1.1.2.tgz",
      "integrity": "sha512-AZkc3kkPl9e8L43Pd2P4a25x5aXg5ckd5fO2mQWvO0J2e0rGJTFH5pYh32c/v445w2l0e9m221D4w==",
      "peer": true
    },
    "node_modules/@protobufjs/codegen": {
      "version": "2.0.4",
      "resolved": "https://registry.npmjs.org/@protobufjs/codegen/-/codegen-2.0.4.tgz",
      "integrity": "sha512-YyFfF3Pa2r3za4pAG8259T9I/j343X6gA81s1p3v3kyb13wD3O+k8j8v/3x2Q+1s258i4+2bXQ2A==",
      "peer": true
    },
    "node_modules/@protobufjs/eventemitter": {
      "version": "1.1.0",
      "resolved": "https://registry.npmjs.org/@protobufjs/eventemitter/-/eventemitter-1.1.0.tgz",
      "integrity": "sha512-O5PilGqLG0Fz6pFf334a3W8k2l42s53WWjOzp5i3mN03vA/exAxMy80vabp5iG9x3j40aI7sD1gXbA==",
      "peer": true
    },
    "node_modules/@protobufjs/fetch": {
      "version": "1.1.0",
      "resolved": "https://registry.npmjs.org/@protobufjs/fetch/-/fetch-1.1.0.tgz",
      "integrity": "sha512-a/3wJ2k/4s/4e45yUYgoQzYBLDBl2S2aJq3aDqf5idD4D/g049pOF4g/53b+Y+kP3Yh5w6s/g2hJ2g==",
      "peer": true,
      "dependencies": {
        "@protobufjs/aspromise": "^1.1.1",
        "@protobufjs/eventemitter": "^1.1.0",
        "@types/node": ">=13.7.0"
      }
    },
    "node_modules/@protobufjs/float": {
      "version": "1.0.2",
      "resolved": "https://registry.npmjs.org/@protobufjs/float/-/float-1.0.2.tgz",
      "integrity": "sha512-0sBi2JNP7Uvqa+1NJ2kX2k2aPT4z3aLI3g3h3Uf4pPrt8XW4z6aT2jguq5/5g/r41m02v9o/s4hA==",
      "peer": true
    },
    "node_modules/@protobufjs/inquire": {
      "version": "1.1.0",
      "resolved": "https://registry.npmjs.org/@protobufjs/inquire/-/inquire-1.1.0.tgz",
      "integrity": "sha512-K+y2wV12/7y+KSv4Z4/4a1yR2U3oOCyvCChfrEd5l1nF/A4x1MRv5s8b/3d5w12A/w2QGzY2gA==",
      "peer": true
    },
    "node_modules/@protobufjs/path": {
      "version": "1.1.2",
      "resolved": "https://registry.npmjs.org/@protobufjs/path/-/path-1.1.2.tgz",
      "integrity": "sha512-1h0MpHX/tTA/yS/zkx9a/2AIXGIgPxqSA5olY/h/t3dJ2rxPk8pA9T32e/pA2/M1Y2eA==",
      "peer": true
    },
    "node_modules/@protobufjs/pool": {
      "version": "1.1.0",
      "resolved": "https://registry.npmjs.org/@protobufjs/pool/-/pool-1.1.0.tgz",
      "integrity": "sha512-Vp58x2pT/0ksc5krgLp23oZzAD2y22pYx1/Ie/2/I/pFd2/2g2gv/5j/v/7sD2p10S8ga==",
      "peer": true
    },
    "node_modules/@protobufjs/utf8": {
      "version": "1.1.0",
      "resolved": "https://registry.npmjs.org/@protobufjs/utf8/-/utf8-1.1.0.tgz",
      "integrity": "sha512-pTL6e32M2eY3iB/a9Z2LcBv3H6bHRe7p6aBn37eXb/kXJz3d0h2R4gQ1c/o+g==",
      "peer": true
    },
    "node_modules/@types/long": {
      "version": "4.0.2",
      "resolved": "https://registry.npmjs.org/@types/long/-/long-4.0.2.tgz",
      "integrity": "sha512-MqTGEo5bj5I03XzfuKGP32i7R+wxpgom3Ih42e3R38h22/2u+2Ka1b9ePSv6sY3UwdWyGf3G41/4+B4==",
      "peer": true
    },
    "node_modules/@types/node": {
      "version": "20.12.12",
      "resolved": "https://registry.npmjs.org/@types/node/-/node-20.12.12.tgz",
      "integrity": "sha512-eWLD8T83CHYyG0gz3pr2AQaS2TVZfInQ56eL6w0VAp31/iTf3aPE2n0wFUBHHm32zdcg+sVw2vO2/3f2w==",
      "peer": true,
      "dependencies": {
        "undici-types": "~5.26.4"
      }
    },
    "node_modules/arrify": {
      "version": "2.0.1",
      "resolved": "https://registry.npmjs.org/arrify/-/arrify-2.0.1.tgz",
      "integrity": "sha512-3CYz0f2btv8aC/yQp4e2L1m0y7e50n5gP/XoA2V/R52h5eFpl2sYx4E2d/R0E/p/IeHWe42g20BwA==",
      "peer": true,
      "engines": {
        "node": ">=8"
      }
    },
    "node_modules/firebase-admin": {
      "version": "12.1.1",
      "resolved": "https://registry.npmjs.org/firebase-admin/-/firebase-admin-12.1.1.tgz",
      "integrity": "sha512-HkXUcVgprL4+/4W3bG/wP2w21q2p/n/STaSb4k4q2/1e26iUDaQ9z8D2m4bCtVvjO9sGoqO65f+I/aI4g==",
      "dependencies": {
        "@firebase/auth-compat": "0.4.31",
        "@google-cloud/firestore": "7.8.0",
        "jsonwebtoken": "9.0.2"
      },
      "engines": {
        "node": ">=18.0.0"
      },
      "peerDependencies": {
        "@firebase/app-compat": "0.2.28",
        "fast-csv": "^4.3.2"
      },
      "peerDependenciesMeta": {
        "@firebase/app-compat": {
          "optional": true
        },
        "fast-csv": {
          "optional": true
        }
      }
    },
    "node_modules/google-auth-library": {
      "version": "9.11.0",
      "resolved": "https://registry.npmjs.org/google-auth-library/-/google-auth-library-9.11.0.tgz",
      "integrity": "sha512-A8uA6RaB5Y/wPVp+t9q/eY2s3w3mqi+UC1m0T4FGqK8/Q5K5y32iKx35tOq3k+A==",
      "peer": true,
      "dependencies": {
        "gaxios": "^6.1.1",
        "gcp-metadata": "^6.0.0",
        "google-p12-pem": "^4.0.0",
        "googleapis-common": "^7.0.0",
        "jws": "^4.0.0",
        "lru-cache": "^10.0.1"
      },
      "engines": {
        "node": ">=14.0.0"
      }
    },
    "node_modules/google-gax": {
      "version": "4.3.3",
      "resolved": "https://registry.npmjs.org/google-gax/-/google-gax-4.3.3.tgz",
      "integrity": "sha512-wX/pB+T6Gv2FLf4G8+qg9sqpY/lEOA3e/Gk2o9pDq/f5rI0Q2Jj2L4r/x7v2LVn2I/4sXkRCpY/1g==",
      "peer": true,
      "dependencies": {
        "@grpc/grpc-js": "^1.8.14",
        "google-auth-library": "^9.0.0",
        "protobufjs": "^7.2.5"
      },
      "engines": {
        "node": ">=14.0.0"
      }
    },
    "node_modules/is": {
      "version": "3.3.0",
      "resolved": "https://registry.npmjs.org/is/-/is-3.3.0.tgz",
      "integrity": "sha512-nW2K4/s4I9/1Hze2d7i3y6mnx23a/n2g5/t82e+zS5T8/b5rFvS04sMv3eG4k/4I/2a8g2pA495A==",
      "peer": true
    },
    "node_modules/jsonwebtoken": {
      "version": "9.0.2",
      "resolved": "https://registry.npmjs.org/jsonwebtoken/-/jsonwebtoken-9.0.2.tgz",
      "integrity": "sha512-girQnbjG+S9oOBgE3eX25Ie6H/22O4wPiwUh9DGFx5prc22kAwCIxHEJzIba1O6Jb2T2YQe2oP25cwk2p2bA==",
      "engines": {
        "node": ">=12",
        "npm": ">=6"
      }
    },
    "node_modules/long": {
      "version": "5.2.3",
      "resolved": "https://registry.npmjs.org/long/-/long-5.2.3.tgz",
      "integrity": "sha512-lcHwpNoggQT1p7qwUvFihv4CusmR2flwAol27fAbuY6iVU6Yah2U5yFAvO9LhI+oSc0wHh6fUT9o2CVgg==",
      "peer": true
    },
    "node_modules/nanoid": {
      "version": "3.3.7",
      "resolved": "https://registry.npmjs.org/nanoid/-/nanoid-3.3.7.tgz",
      "integrity": "sha512-N3Xv6APd9lPjO3VvlQ24lY86P3sI52i2o9Pz2B0OQZ4eOtag6LETsV1gQj2sWz3GU2PqgGZ1h/a4cQ==",
      "bin": {
        "nanoid": "bin/nanoid.js"
      },
      "engines": {
        "node": "^10 || ^12 || ^13.7 || ^14 || >=15.0.1"
      }
    },
    "node_modules/protobufjs": {
      "version": "7.3.2",
      "resolved": "https://registry.npmjs.org/protobufjs/-/protobufjs-7.3.2.tgz",
      "integrity": "sha512-N3a86s1O4x/1wdGg53wA8753g4I/1mLs/f23z/i8a2s9eKSyZ0us2gvyI2+21vjA2w/wz4aA==",
      "peer": true,
      "dependencies": {
        "@protobufjs/aspromise": "^1.1.2",
        "@protobufjs/base64": "^1.1.2",
        "@protobufjs/codegen": "^2.0.4",
        "@protobufjs/eventemitter": "^1.1.0",
        "@protobufjs/fetch": "^1.1.0",
        "@protobufjs/float": "^1.0.2",
        "@protobufjs/inquire": "^1.1.0",
        "@protobufjs/path": "^1.1.2",
        "@protobufjs/pool": "^1.1.0",
        "@protobufjs/utf8": "^1.1.0",
        "@types/long": "^4.0.0",
        "@types/node": ">=13.7.0",
        "long": "^5.2.3"
      }
    },
    "node_modules/stream-events": {
      "version": "1.0.5",
      "resolved": "https://registry.npmjs.org/stream-events/-/stream-events-1.0.5.tgz",
      "integrity": "sha512-25sD6gvzZz2hhQCzJO+407ga+s6yX4y1exdG5Q/vSpn+xJp4I2/vGcFg9k/JdG92sk5tVp/tPZJjC9Yvjw==",
      "peer": true,
      "dependencies": {
        "stubs": "^1.0.0"
      }
    },
    "node_modules/stubs": {
      "version": "1.0.0",
      "resolved": "https://registry.npmjs.org/stubs/-/stubs-1.0.0.tgz",
      "integrity": "sha512-Y1yDB72L79Mv2E4Xn3kU2s3y4oA9hZ7i4q+5/XodJdE25y+sVj2c/M0T/y+tRX+q0NqgKz/tG+tRw==",
      "peer": true
    },
    "node_modules/tslib": {
      "version": "2.6.2",
      "resolved": "https://registry.npmjs.org/tslib/-/tslib-2.6.2.tgz",
      "integrity": "sha512-AEYxH93jGFPn/a2iVAwW87VuUIkR1FVUKB77NwMF7nBTDkDrrT/Hpt/IrCJ0QXhW27jTBDcf5ZY7w6RiqTMw2Q==",
      "peer": true
    },
    "node_modules/undici-types": {
      "version": "5.26.5",
      "resolved": "https://registry.npmjs.org/undici-types/-/undici-types-5.26.5.tgz",
      "integrity": "sha512-JlCMO+ehdEIKqlFxk6IfVoAUVmgz7cU7zD/h9XZ0qzeosSHmUJVOzSQvvYSYWXkFXC+IfLKSIffhv0sVZup6pA==",
      "peer": true
    }
  }
}
